
Microsoft Visual Studio Solution File, Format Version 12.00
# Visual Studio Version 17
VisualStudioVersion = 17.0.31912.275
MinimumVisualStudioVersion = 10.0.40219.1
Project("{FAE04EC0-301F-11D3-BF4B-00C04F79EFBC}") = "CustomRenderer.Android", "CustomRenderer\CustomRenderer.Android\CustomRenderer.Android.csproj", "{B9D63FD4-17B7-455E-B6A6-F02F859A9791}"
EndProject
Project("{FAE04EC0-301F-11D3-BF4B-00C04F79EFBC}") = "CustomRenderer.iOS", "CustomRenderer\CustomRenderer.iOS\CustomRenderer.iOS.csproj", "{18AD7FA4-DC45-4520-8D57-7A4DCE41EA35}"
EndProject
Project("{FAE04EC0-301F-11D3-BF4B-00C04F79EFBC}") = "CustomRenderer", "CustomRenderer\CustomRenderer\CustomRenderer.csproj", "{2ECA6762-67C1-4C6B-B7BB-529862823BFB}"
EndProject
Global
	GlobalSection(SolutionConfigurationPlatforms) = preSolution
		Debug|Any CPU = Debug|Any CPU
		Debug|iPhone = Debug|iPhone
		Debug|iPhoneSimulator = Debug|iPhoneSimulator
		Release|Any CPU = Release|Any CPU
		Release|iPhone = Release|iPhone
		Release|iPhoneSimulator = Release|iPhoneSimulator
	EndGlobalSection
	GlobalSection(ProjectConfigurationPlatforms) = postSolution
		{B9D63FD4-17B7-455E-B6A6-F02F859A9791}.Debug|Any CPU.ActiveCfg = Debug|Any CPU
		{B9D63FD4-17B7-455E-B6A6-F02F859A9791}.Debug|Any CPU.Build.0 = Debug|Any CPU
		{B9D63FD4-17B7-455E-B6A6-F02F859A9791}.Debug|Any CPU.Deploy.0 = Debug|Any CPU
		{B9D63FD4-17B7-455E-B6A6-F02F859A9791}.Debug|iPhone.ActiveCfg = Debug|Any CPU
		{B9D63FD4-17B7-455E-B6A6-F02F859A9791}.Debug|iPhone.Build.0 = Debug|Any CPU
		{B9D63FD4-17B7-455E-B6A6-F02F859A9791}.Debug|iPhone.Deploy.0 = Debug|Any CPU
		{B9D63FD4-17B7-455E-B6A6-F02F859A9791}.Debug|iPhoneSimulator.ActiveCfg = Debug|Any CPU
		{B9D63FD4-17B7-455E-B6A6-F02F859A9791}.Debug|iPhoneSimulator.Build.0 = Debug|Any CPU
		{B9D63FD4-17B7-455E-B6A6-F02F859A9791}.Debug|iPhoneSimulator.Deploy.0 = Debug|Any CPU
		{B9D63FD4-17B7-455E-B6A6-F02F859A9791}.Release|Any CPU.ActiveCfg = Release|Any CPU
		{B9D63FD4-17B7-455E-B6A6-F02F859A9791}.Release|Any CPU.Build.0 = Release|Any CPU
		{B9D63FD4-17B7-455E-B6A6-F02F859A9791}.Release|Any CPU.Deploy.0 = Release|Any CPU
		{B9D63FD4-17B7-455E-B6A6-F02F859A9791}.Release|iPhone.ActiveCfg = Release|Any CPU
		{B9D63FD4-17B7-455E-B6A6-F02F859A9791}.Release|iPhone.Build.0 = Release|Any CPU
		{B9D63FD4-17B7-455E-B6A6-F02F859A9791}.Release|iPhone.Deploy.0 = Release|Any CPU
		{B9D63FD4-17B7-455E-B6A6-F02F859A9791}.Release|iPhoneSimulator.ActiveCfg = Release|Any CPU
		{B9D63FD4-17B7-455E-B6A6-F02F859A9791}.Release|iPhoneSimulator.Build.0 = Release|Any CPU
		{B9D63FD4-17B7-455E-B6A6-F02F859A9791}.Release|iPhoneSimulator.Deploy.0 = Release|Any CPU
		{18AD7FA4-DC45-4520-8D57-7A4DCE41EA35}.Debug|Any CPU.ActiveCfg = Debug|iPhone
		{18AD7FA4-DC45-4520-8D57-7A4DCE41EA35}.Debug|Any CPU.Build.0 = Debug|iPhone
		{18AD7FA4-DC45-4520-8D57-7A4DCE41EA35}.Debug|Any CPU.Deploy.0 = Debug|iPhone
		{18AD7FA4-DC45-4520-8D57-7A4DCE41EA35}.Debug|iPhone.ActiveCfg = Debug|iPhone
		{18AD7FA4-DC45-4520-8D57-7A4DCE41EA35}.Debug|iPhone.Build.0 = Debug|iPhone
		{18AD7FA4-DC45-4520-8D57-7A4DCE41EA35}.Debug|iPhone.Deploy.0 = Debug|iPhone
		{18AD7FA4-DC45-4520-8D57-7A4DCE41EA35}.Debug|iPhoneSimulator.ActiveCfg = Debug|iPhoneSimulator
		{18AD7FA4-DC45-4520-8D57-7A4DCE41EA35}.Debug|iPhoneSimulator.Build.0 = Debug|iPhoneSimulator
		{18AD7FA4-DC45-4520-8D57-7A4DCE41EA35}.Debug|iPhoneSimulator.Deploy.0 = Debug|iPhoneSimulator
		{18AD7FA4-DC45-4520-8D57-7A4DCE41EA35}.Release|Any CPU.ActiveCfg = Release|iPhoneSimulator
		{18AD7FA4-DC45-4520-8D57-7A4DCE41EA35}.Release|Any CPU.Build.0 = Release|iPhoneSimulator
		{18AD7FA4-DC45-4520-8D57-7A4DCE41EA35}.Release|Any CPU.Deploy.0 = Release|iPhoneSimulator
		{18AD7FA4-DC45-4520-8D57-7A4DCE41EA35}.Release|iPhone.ActiveCfg = Release|iPhone
		{18AD7FA4-DC45-4520-8D57-7A4DCE41EA35}.Release|iPhone.Build.0 = Release|iPhone
		{18AD7FA4-DC45-4520-8D57-7A4DCE41EA35}.Release|iPhone.Deploy.0 = Release|iPhone
		{18AD7FA4-DC45-4520-8D57-7A4DCE41EA35}.Release|iPhoneSimulator.ActiveCfg = Release|iPhoneSimulator
		{18AD7FA4-DC45-4520-8D57-7A4DCE41EA35}.Release|iPhoneSimulator.Build.0 = Release|iPhoneSimulator
		{18AD7FA4-DC45-4520-8D57-7A4DCE41EA35}.Release|iPhoneSimulator.Deploy.0 = Release|iPhoneSimulator
		{2ECA6762-67C1-4C6B-B7BB-529862823BFB}.Debug|Any CPU.ActiveCfg = Debug|Any CPU
		{2ECA6762-67C1-4C6B-B7BB-529862823BFB}.Debug|Any CPU.Build.0 = Debug|Any CPU
		{2ECA6762-67C1-4C6B-B7BB-529862823BFB}.Debug|Any CPU.Deploy.0 = Debug|Any CPU
		{2ECA6762-67C1-4C6B-B7BB-529862823BFB}.Debug|iPhone.ActiveCfg = Debug|Any CPU
		{2ECA6762-67C1-4C6B-B7BB-529862823BFB}.Debug|iPhone.Build.0 = Debug|Any CPU
		{2ECA6762-67C1-4C6B-B7BB-529862823BFB}.Debug|iPhone.Deploy.0 = Debug|Any CPU
		{2ECA6762-67C1-4C6B-B7BB-529862823BFB}.Debug|iPhoneSimulator.ActiveCfg = Debug|Any CPU
		{2ECA6762-67C1-4C6B-B7BB-529862823BFB}.Debug|iPhoneSimulator.Build.0 = Debug|Any CPU
		{2ECA6762-67C1-4C6B-B7BB-529862823BFB}.Debug|iPhoneSimulator.Deploy.0 = Debug|Any CPU
		{2ECA6762-67C1-4C6B-B7BB-529862823BFB}.Release|Any CPU.ActiveCfg = Release|Any CPU
		{2ECA6762-67C1-4C6B-B7BB-529862823BFB}.Release|Any CPU.Build.0 = Release|Any CPU
		{2ECA6762-67C1-4C6B-B7BB-529862823BFB}.Release|Any CPU.Deploy.0 = Release|Any CPU
		{2ECA6762-67C1-4C6B-B7BB-529862823BFB}.Release|iPhone.ActiveCfg = Release|Any CPU
		{2ECA6762-67C1-4C6B-B7BB-529862823BFB}.Release|iPhone.Build.0 = Release|Any CPU
		{2ECA6762-67C1-4C6B-B7BB-529862823BFB}.Release|iPhone.Deploy.0 = Release|Any CPU
		{2ECA6762-67C1-4C6B-B7BB-529862823BFB}.Release|iPhoneSimulator.ActiveCfg = Release|Any CPU
		{2ECA6762-67C1-4C6B-B7BB-529862823BFB}.Release|iPhoneSimulator.Build.0 = Release|Any CPU
		{2ECA6762-67C1-4C6B-B7BB-529862823BFB}.Release|iPhoneSimulator.Deploy.0 = Release|Any CPU
	EndGlobalSection
	GlobalSection(SolutionProperties) = preSolution
		HideSolutionNode = FALSE
	EndGlobalSection
	GlobalSection(ExtensibilityGlobals) = postSolution
		SolutionGuid = {5C59CEF3-D03E-4617-89D1-6BAD7E3CBC29}
	EndGlobalSection
EndGlobal
